
Microsoft Visual Studio Solution File, Format Version 12.00
# Visual Studio Version 17
VisualStudioVersion = 17.3.32929.385
MinimumVisualStudioVersion = 10.0.40219.1
Project("{FAE04EC0-301F-11D3-BF4B-00C04F79EFBC}") = "TorrentStream", "TorrentStream.csproj", "{12998529-3038-4016-B859-8866D35D4D34}"
EndProject
Project("{FAE04EC0-301F-11D3-BF4B-00C04F79EFBC}") = "TorrentStreamLibrary", "..\TorrentStreamLibrary\TorrentStreamLibrary.csproj", "{0E101924-7237-4CA3-AA3F-3394AA61D9B5}"
EndProject
Global
	GlobalSection(SolutionConfigurationPlatforms) = preSolution
		Debug|Any CPU = Debug|Any CPU
		Debug|x64 = Debug|x64
		Release|Any CPU = Release|Any CPU
		Release|x64 = Release|x64
	EndGlobalSection
	GlobalSection(ProjectConfigurationPlatforms) = postSolution
		{12998529-3038-4016-B859-8866D35D4D34}.Debug|Any CPU.ActiveCfg = Debug|Any CPU
		{12998529-3038-4016-B859-8866D35D4D34}.Debug|Any CPU.Build.0 = Debug|Any CPU
		{12998529-3038-4016-B859-8866D35D4D34}.Debug|x64.ActiveCfg = Debug|x64
		{12998529-3038-4016-B859-8866D35D4D34}.Debug|x64.Build.0 = Debug|x64
		{12998529-3038-4016-B859-8866D35D4D34}.Release|Any CPU.ActiveCfg = Release|Any CPU
		{12998529-3038-4016-B859-8866D35D4D34}.Release|Any CPU.Build.0 = Release|Any CPU
		{12998529-3038-4016-B859-8866D35D4D34}.Release|x64.ActiveCfg = Release|x64
		{12998529-3038-4016-B859-8866D35D4D34}.Release|x64.Build.0 = Release|x64
		{0E101924-7237-4CA3-AA3F-3394AA61D9B5}.Debug|Any CPU.ActiveCfg = Debug|Any CPU
		{0E101924-7237-4CA3-AA3F-3394AA61D9B5}.Debug|Any CPU.Build.0 = Debug|Any CPU
		{0E101924-7237-4CA3-AA3F-3394AA61D9B5}.Debug|x64.ActiveCfg = Debug|Any CPU
		{0E101924-7237-4CA3-AA3F-3394AA61D9B5}.Debug|x64.Build.0 = Debug|Any CPU
		{0E101924-7237-4CA3-AA3F-3394AA61D9B5}.Release|Any CPU.ActiveCfg = Release|Any CPU
		{0E101924-7237-4CA3-AA3F-3394AA61D9B5}.Release|Any CPU.Build.0 = Release|Any CPU
		{0E101924-7237-4CA3-AA3F-3394AA61D9B5}.Release|x64.ActiveCfg = Release|Any CPU
		{0E101924-7237-4CA3-AA3F-3394AA61D9B5}.Release|x64.Build.0 = Release|Any CPU
	EndGlobalSection
	GlobalSection(SolutionProperties) = preSolution
		HideSolutionNode = FALSE
	EndGlobalSection
	GlobalSection(ExtensibilityGlobals) = postSolution
		SolutionGuid = {40E508C1-8A88-4A39-BF22-77CAD31D9897}
	EndGlobalSection
EndGlobal
